
Microsoft Visual Studio Solution File, Format Version 12.00
# Visual Studio Version 17
VisualStudioVersion = 17.7.34024.191
MinimumVisualStudioVersion = 10.0.40219.1
Project("{FAE04EC0-301F-11D3-BF4B-00C04F79EFBC}") = "LemonWire", "LemonWire.csproj", "{72F085C4-239C-45F3-926C-93BAE496C0F2}"
EndProject
Global
	GlobalSection(SolutionConfigurationPlatforms) = preSolution
		Debug|Any CPU = Debug|Any CPU
		Release|Any CPU = Release|Any CPU
	EndGlobalSection
	GlobalSection(ProjectConfigurationPlatforms) = postSolution
		{72F085C4-239C-45F3-926C-93BAE496C0F2}.Debug|Any CPU.ActiveCfg = Debug|Any CPU
		{72F085C4-239C-45F3-926C-93BAE496C0F2}.Debug|Any CPU.Build.0 = Debug|Any CPU
		{72F085C4-239C-45F3-926C-93BAE496C0F2}.Release|Any CPU.ActiveCfg = Release|Any CPU
		{72F085C4-239C-45F3-926C-93BAE496C0F2}.Release|Any CPU.Build.0 = Release|Any CPU
	EndGlobalSection
	GlobalSection(SolutionProperties) = preSolution
		HideSolutionNode = FALSE
	EndGlobalSection
	GlobalSection(ExtensibilityGlobals) = postSolution
		SolutionGuid = {553F4372-1C2A-49F8-BED5-16EF12A5A5B5}
	EndGlobalSection
EndGlobal
